# This file was autogenerated by Stack.
# You should not edit this file by hand.
# For more information, please see the documentation at:
#   https://docs.haskellstack.org/en/stable/lock_files

packages:
- completed:
    hackage: pretty-types-0.3.0.1@sha256:d15961563ce4c08bb5bd9653d250f6d19bd30e78a2c7e596ca4efcfd1a420ecd,3575
    pantry-tree:
      size: 537
      sha256: 9e43bcfd4fc4fc964432ad5a53c5355c941439f2875d97c020ed2d7d2b0d5fc9
  original:
    hackage: pretty-types-0.3.0.1
- completed:
    hackage: type-spec-0.4.0.0@sha256:ee02e75de7672ab5dba697c0471afb031e46ca6218b4b218823bc39111a6c733,3726
    pantry-tree:
      size: 1062
      sha256: a0b45d076233bb083075f889dff032cc62876454c46ac4f62b6676f1d24a4d05
  original:
    hackage: type-spec-0.4.0.0
- completed:
    hackage: function-builder-0.3.0.1@sha256:48ae4642440dda57fbffe4055ef4af96bd760d7996b18af2d74afa0002cb8a70,3335
    pantry-tree:
      size: 489
      sha256: ea473f8c1699189d7af65665d41f7d5ffb7803df7948908e75a72d9670d30fcf
  original:
    hackage: function-builder-0.3.0.1
snapshots:
- completed:
    size: 523700
    url: https://raw.githubusercontent.com/commercialhaskell/stackage-snapshots/master/lts/14/7.yaml
    sha256: 8e3f3c894be74d71fa4bf085e0a8baae7e4d7622d07ea31a52736b80f8b9bb1a
  original: lts-14.7
